
Microsoft Visual Studio Solution File, Format Version 12.00
# Visual Studio Version 16
VisualStudioVersion = 16.0.29424.173
MinimumVisualStudioVersion = 10.0.40219.1
Project("{FAE04EC0-301F-11D3-BF4B-00C04F79EFBC}") = "prikol_za_300", "prikol_za_300\prikol_za_300.csproj", "{67BCB7A8-CA07-445C-ABEA-4B092EACE0BF}"
EndProject
Global
	GlobalSection(SolutionConfigurationPlatforms) = preSolution
		Debug|Any CPU = Debug|Any CPU
		Release|Any CPU = Release|Any CPU
	EndGlobalSection
	GlobalSection(ProjectConfigurationPlatforms) = postSolution
		{67BCB7A8-CA07-445C-ABEA-4B092EACE0BF}.Debug|Any CPU.ActiveCfg = Debug|Any CPU
		{67BCB7A8-CA07-445C-ABEA-4B092EACE0BF}.Debug|Any CPU.Build.0 = Debug|Any CPU
		{67BCB7A8-CA07-445C-ABEA-4B092EACE0BF}.Release|Any CPU.ActiveCfg = Release|Any CPU
		{67BCB7A8-CA07-445C-ABEA-4B092EACE0BF}.Release|Any CPU.Build.0 = Release|Any CPU
	EndGlobalSection
	GlobalSection(SolutionProperties) = preSolution
		HideSolutionNode = FALSE
	EndGlobalSection
	GlobalSection(ExtensibilityGlobals) = postSolution
		SolutionGuid = {D0671F3B-8F74-485D-9C30-052B31C651AC}
	EndGlobalSection
EndGlobal
